
Microsoft Visual Studio Solution File, Format Version 12.00
# Visual Studio Version 16
VisualStudioVersion = 16.0.30225.117
MinimumVisualStudioVersion = 10.0.40219.1
Project("{FAE04EC0-301F-11D3-BF4B-00C04F79EFBC}") = "Collection.ConditionalWhere", "Collection.ConditionalWhere\Collection.ConditionalWhere.csproj", "{0B0B1245-2B11-4154-AF23-06899702D917}"
EndProject
Project("{FAE04EC0-301F-11D3-BF4B-00C04F79EFBC}") = "Collection.ConditionalWhere.Tests", "Collection.ConditionalWhere.Tests\Collection.ConditionalWhere.Tests.csproj", "{9798F84D-A870-4DBE-B986-599799977325}"
EndProject
Global
	GlobalSection(SolutionConfigurationPlatforms) = preSolution
		Debug|Any CPU = Debug|Any CPU
		Release|Any CPU = Release|Any CPU
	EndGlobalSection
	GlobalSection(ProjectConfigurationPlatforms) = postSolution
		{0B0B1245-2B11-4154-AF23-06899702D917}.Debug|Any CPU.ActiveCfg = Debug|Any CPU
		{0B0B1245-2B11-4154-AF23-06899702D917}.Debug|Any CPU.Build.0 = Debug|Any CPU
		{0B0B1245-2B11-4154-AF23-06899702D917}.Release|Any CPU.ActiveCfg = Release|Any CPU
		{0B0B1245-2B11-4154-AF23-06899702D917}.Release|Any CPU.Build.0 = Release|Any CPU
		{9798F84D-A870-4DBE-B986-599799977325}.Debug|Any CPU.ActiveCfg = Debug|Any CPU
		{9798F84D-A870-4DBE-B986-599799977325}.Debug|Any CPU.Build.0 = Debug|Any CPU
		{9798F84D-A870-4DBE-B986-599799977325}.Release|Any CPU.ActiveCfg = Release|Any CPU
		{9798F84D-A870-4DBE-B986-599799977325}.Release|Any CPU.Build.0 = Release|Any CPU
	EndGlobalSection
	GlobalSection(SolutionProperties) = preSolution
		HideSolutionNode = FALSE
	EndGlobalSection
	GlobalSection(ExtensibilityGlobals) = postSolution
		SolutionGuid = {BB150A75-2D71-4BC2-9CE7-47EE2AC35EAE}
	EndGlobalSection
EndGlobal
